
Microsoft Visual Studio Solution File, Format Version 12.00
# Visual Studio 2012
Project("{8BC9CEB8-8B4A-11D0-8D11-00A0C91BC942}") = "template", "template\template.vcxproj", "{9B12A77C-E571-4C28-B3CD-0FBFEA4C2BCB}"
EndProject
Global
	GlobalSection(SolutionConfigurationPlatforms) = preSolution
		Debug|Win32 = Debug|Win32
		Release|Win32 = Release|Win32
	EndGlobalSection
	GlobalSection(ProjectConfigurationPlatforms) = postSolution
		{9B12A77C-E571-4C28-B3CD-0FBFEA4C2BCB}.Debug|Win32.ActiveCfg = Debug|Win32
		{9B12A77C-E571-4C28-B3CD-0FBFEA4C2BCB}.Debug|Win32.Build.0 = Debug|Win32
		{9B12A77C-E571-4C28-B3CD-0FBFEA4C2BCB}.Release|Win32.ActiveCfg = Release|Win32
		{9B12A77C-E571-4C28-B3CD-0FBFEA4C2BCB}.Release|Win32.Build.0 = Release|Win32
	EndGlobalSection
	GlobalSection(SolutionProperties) = preSolution
		HideSolutionNode = FALSE
	EndGlobalSection
EndGlobal
